// !$*UTF8*$!
{
	archiveVersion = 1;
	classes = {
	};
	objectVersion = 50;
	objects = {

/* Begin PBXBuildFile section */
		55E290BF2168F54500D237A5 /* AppDelegate.swift in Sources */ = {isa = PBXBuildFile; fileRef = 55E290BE2168F54500D237A5 /* AppDelegate.swift */; };
		55E290C12168F54500D237A5 /* HomeViewController.swift in Sources */ = {isa = PBXBuildFile; fileRef = 55E290C02168F54500D237A5 /* HomeViewController.swift */; };
		55E290C42168F54500D237A5 /* Main.storyboard in Resources */ = {isa = PBXBuildFile; fileRef = 55E290C22168F54500D237A5 /* Main.storyboard */; };
		55E290C72168F54500D237A5 /* Flickr.xcdatamodeld in Sources */ = {isa = PBXBuildFile; fileRef = 55E290C52168F54500D237A5 /* Flickr.xcdatamodeld */; };
		55E290C92168F54700D237A5 /* Assets.xcassets in Resources */ = {isa = PBXBuildFile; fileRef = 55E290C82168F54700D237A5 /* Assets.xcassets */; };
		55E290CC2168F54700D237A5 /* LaunchScreen.storyboard in Resources */ = {isa = PBXBuildFile; fileRef = 55E290CA2168F54700D237A5 /* LaunchScreen.storyboard */; };
		55E290DD2168F98600D237A5 /* ImageCell.swift in Sources */ = {isa = PBXBuildFile; fileRef = 55E290DB2168F98600D237A5 /* ImageCell.swift */; };
		55E290DE2168F98600D237A5 /* ImageCell.xib in Resources */ = {isa = PBXBuildFile; fileRef = 55E290DC2168F98600D237A5 /* ImageCell.xib */; };
		55E290E02168F9D000D237A5 /* CustomFlowLayout.swift in Sources */ = {isa = PBXBuildFile; fileRef = 55E290DF2168F9D000D237A5 /* CustomFlowLayout.swift */; };
		55E290E22168FA6400D237A5 /* Photo.swift in Sources */ = {isa = PBXBuildFile; fileRef = 55E290E12168FA6400D237A5 /* Photo.swift */; };
		55E290E42168FEA100D237A5 /* ImageCache.swift in Sources */ = {isa = PBXBuildFile; fileRef = 55E290E32168FEA100D237A5 /* ImageCache.swift */; };
		55E290E921694FF600D237A5 /* DetailsViewController.swift in Sources */ = {isa = PBXBuildFile; fileRef = 55E290E721694FF600D237A5 /* DetailsViewController.swift */; };
		55E290EA21694FF600D237A5 /* DetailsViewController.xib in Resources */ = {isa = PBXBuildFile; fileRef = 55E290E821694FF600D237A5 /* DetailsViewController.xib */; };
		55E290ED2169B71F00D237A5 /* Constants.swift in Sources */ = {isa = PBXBuildFile; fileRef = 55E290EC2169B71F00D237A5 /* Constants.swift */; };
		55E290F12169EFD500D237A5 /* RequestManager.swift in Sources */ = {isa = PBXBuildFile; fileRef = 55E290F02169EFD500D237A5 /* RequestManager.swift */; };
/* End PBXBuildFile section */

/* Begin PBXFileReference section */
		55E290BB2168F54500D237A5 /* Flickr.app */ = {isa = PBXFileReference; explicitFileType = wrapper.application; includeInIndex = 0; path = Flickr.app; sourceTree = BUILT_PRODUCTS_DIR; };
		55E290BE2168F54500D237A5 /* AppDelegate.swift */ = {isa = PBXFileReference; lastKnownFileType = sourcecode.swift; path = AppDelegate.swift; sourceTree = "<group>"; };
		55E290C02168F54500D237A5 /* HomeViewController.swift */ = {isa = PBXFileReference; lastKnownFileType = sourcecode.swift; path = HomeViewController.swift; sourceTree = "<group>"; };
		55E290C32168F54500D237A5 /* Base */ = {isa = PBXFileReference; lastKnownFileType = file.storyboard; name = Base; path = Base.lproj/Main.storyboard; sourceTree = "<group>"; };
		55E290C62168F54500D237A5 /* Flickr.xcdatamodel */ = {isa = PBXFileReference; lastKnownFileType = wrapper.xcdatamodel; path = Flickr.xcdatamodel; sourceTree = "<group>"; };
		55E290C82168F54700D237A5 /* Assets.xcassets */ = {isa = PBXFileReference; lastKnownFileType = folder.assetcatalog; path = Assets.xcassets; sourceTree = "<group>"; };
		55E290CB2168F54700D237A5 /* Base */ = {isa = PBXFileReference; lastKnownFileType = file.storyboard; name = Base; path = Base.lproj/LaunchScreen.storyboard; sourceTree = "<group>"; };
		55E290CD2168F54700D237A5 /* Info.plist */ = {isa = PBXFileReference; lastKnownFileType = text.plist.xml; path = Info.plist; sourceTree = "<group>"; };
		55E290DB2168F98600D237A5 /* ImageCell.swift */ = {isa = PBXFileReference; lastKnownFileType = sourcecode.swift; path = ImageCell.swift; sourceTree = "<group>"; };
		55E290DC2168F98600D237A5 /* ImageCell.xib */ = {isa = PBXFileReference; lastKnownFileType = file.xib; path = ImageCell.xib; sourceTree = "<group>"; };
		55E290DF2168F9D000D237A5 /* CustomFlowLayout.swift */ = {isa = PBXFileReference; lastKnownFileType = sourcecode.swift; path = CustomFlowLayout.swift; sourceTree = "<group>"; };
		55E290E12168FA6400D237A5 /* Photo.swift */ = {isa = PBXFileReference; lastKnownFileType = sourcecode.swift; path = Photo.swift; sourceTree = "<group>"; };
		55E290E32168FEA100D237A5 /* ImageCache.swift */ = {isa = PBXFileReference; lastKnownFileType = sourcecode.swift; path = ImageCache.swift; sourceTree = "<group>"; };
		55E290E721694FF600D237A5 /* DetailsViewController.swift */ = {isa = PBXFileReference; fileEncoding = 4; lastKnownFileType = sourcecode.swift; path = DetailsViewController.swift; sourceTree = "<group>"; };
		55E290E821694FF600D237A5 /* DetailsViewController.xib */ = {isa = PBXFileReference; fileEncoding = 4; lastKnownFileType = file.xib; path = DetailsViewController.xib; sourceTree = "<group>"; };
		55E290EC2169B71F00D237A5 /* Constants.swift */ = {isa = PBXFileReference; lastKnownFileType = sourcecode.swift; path = Constants.swift; sourceTree = "<group>"; };
		55E290F02169EFD500D237A5 /* RequestManager.swift */ = {isa = PBXFileReference; lastKnownFileType = sourcecode.swift; path = RequestManager.swift; sourceTree = "<group>"; };
/* End PBXFileReference section */

/* Begin PBXFrameworksBuildPhase section */
		55E290B82168F54500D237A5 /* Frameworks */ = {
			isa = PBXFrameworksBuildPhase;
			buildActionMask = 2147483647;
			files = (
			);
			runOnlyForDeploymentPostprocessing = 0;
		};
/* End PBXFrameworksBuildPhase section */

/* Begin PBXGroup section */
		55E290B22168F54500D237A5 = {
			isa = PBXGroup;
			children = (
				55E290BD2168F54500D237A5 /* Flickr */,
				55E290BC2168F54500D237A5 /* Products */,
			);
			sourceTree = "<group>";
		};
		55E290BC2168F54500D237A5 /* Products */ = {
			isa = PBXGroup;
			children = (
				55E290BB2168F54500D237A5 /* Flickr.app */,
			);
			name = Products;
			sourceTree = "<group>";
		};
		55E290BD2168F54500D237A5 /* Flickr */ = {
			isa = PBXGroup;
			children = (
				55E290EB2169B6B200D237A5 /* Utils */,
				55E290D72168F5F600D237A5 /* CoreData */,
				55E290D62168F5E900D237A5 /* AppDelegate */,
				55E290D52168F5E500D237A5 /* Views */,
				55E290D42168F5E200D237A5 /* Models */,
				55E290D32168F5D900D237A5 /* Controllers */,
				55E290C22168F54500D237A5 /* Main.storyboard */,
				55E290C82168F54700D237A5 /* Assets.xcassets */,
				55E290CA2168F54700D237A5 /* LaunchScreen.storyboard */,
				55E290CD2168F54700D237A5 /* Info.plist */,
			);
			path = Flickr;
			sourceTree = "<group>";
		};
		55E290D32168F5D900D237A5 /* Controllers */ = {
			isa = PBXGroup;
			children = (
				55E290D82168F5FB00D237A5 /* HomeVC */,
				55E290D92168F64100D237A5 /* DetailVC */,
			);
			path = Controllers;
			sourceTree = "<group>";
		};
		55E290D42168F5E200D237A5 /* Models */ = {
			isa = PBXGroup;
			children = (
				55E290E12168FA6400D237A5 /* Photo.swift */,
			);
			path = Models;
			sourceTree = "<group>";
		};
		55E290D52168F5E500D237A5 /* Views */ = {
			isa = PBXGroup;
			children = (
				55E290DA2168F94E00D237A5 /* ImageCell */,
			);
			path = Views;
			sourceTree = "<group>";
		};
		55E290D62168F5E900D237A5 /* AppDelegate */ = {
			isa = PBXGroup;
			children = (
				55E290BE2168F54500D237A5 /* AppDelegate.swift */,
			);
			path = AppDelegate;
			sourceTree = "<group>";
		};
		55E290D72168F5F600D237A5 /* CoreData */ = {
			isa = PBXGroup;
			children = (
				55E290C52168F54500D237A5 /* Flickr.xcdatamodeld */,
			);
			path = CoreData;
			sourceTree = "<group>";
		};
		55E290D82168F5FB00D237A5 /* HomeVC */ = {
			isa = PBXGroup;
			children = (
				55E290C02168F54500D237A5 /* HomeViewController.swift */,
			);
			path = HomeVC;
			sourceTree = "<group>";
		};
		55E290D92168F64100D237A5 /* DetailVC */ = {
			isa = PBXGroup;
			children = (
				55E290E721694FF600D237A5 /* DetailsViewController.swift */,
				55E290E821694FF600D237A5 /* DetailsViewController.xib */,
			);
			path = DetailVC;
			sourceTree = "<group>";
		};
		55E290DA2168F94E00D237A5 /* ImageCell */ = {
			isa = PBXGroup;
			children = (
				55E290DB2168F98600D237A5 /* ImageCell.swift */,
				55E290DC2168F98600D237A5 /* ImageCell.xib */,
			);
			path = ImageCell;
			sourceTree = "<group>";
		};
		55E290EB2169B6B200D237A5 /* Utils */ = {
			isa = PBXGroup;
			children = (
				55E290EC2169B71F00D237A5 /* Constants.swift */,
				55E290F02169EFD500D237A5 /* RequestManager.swift */,
				55E290E32168FEA100D237A5 /* ImageCache.swift */,
				55E290DF2168F9D000D237A5 /* CustomFlowLayout.swift */,
			);
			path = Utils;
			sourceTree = "<group>";
		};
/* End PBXGroup section */

/* Begin PBXNativeTarget section */
		55E290BA2168F54500D237A5 /* Flickr */ = {
			isa = PBXNativeTarget;
			buildConfigurationList = 55E290D02168F54700D237A5 /* Build configuration list for PBXNativeTarget "Flickr" */;
			buildPhases = (
				55E290B72168F54500D237A5 /* Sources */,
				55E290B82168F54500D237A5 /* Frameworks */,
				55E290B92168F54500D237A5 /* Resources */,
			);
			buildRules = (
			);
			dependencies = (
			);
			name = Flickr;
			productName = Flickr;
			productReference = 55E290BB2168F54500D237A5 /* Flickr.app */;
			productType = "com.apple.product-type.application";
		};
/* End PBXNativeTarget section */

/* Begin PBXProject section */
		55E290B32168F54500D237A5 /* Project object */ = {
			isa = PBXProject;
			attributes = {
				LastSwiftUpdateCheck = 1000;
				LastUpgradeCheck = 1000;
				ORGANIZATIONNAME = "Pankaj Verma";
				TargetAttributes = {
					55E290BA2168F54500D237A5 = {
						CreatedOnToolsVersion = 10.0;
					};
				};
			};
			buildConfigurationList = 55E290B62168F54500D237A5 /* Build configuration list for PBXProject "Flickr" */;
			compatibilityVersion = "Xcode 9.3";
			developmentRegion = en;
			hasScannedForEncodings = 0;
			knownRegions = (
				en,
				Base,
			);
			mainGroup = 55E290B22168F54500D237A5;
			productRefGroup = 55E290BC2168F54500D237A5 /* Products */;
			projectDirPath = "";
			projectRoot = "";
			targets = (
				55E290BA2168F54500D237A5 /* Flickr */,
			);
		};
/* End PBXProject section */

/* Begin PBXResourcesBuildPhase section */
		55E290B92168F54500D237A5 /* Resources */ = {
			isa = PBXResourcesBuildPhase;
			buildActionMask = 2147483647;
			files = (
				55E290CC2168F54700D237A5 /* LaunchScreen.storyboard in Resources */,
				55E290DE2168F98600D237A5 /* ImageCell.xib in Resources */,
				55E290EA21694FF600D237A5 /* DetailsViewController.xib in Resources */,
				55E290C92168F54700D237A5 /* Assets.xcassets in Resources */,
				55E290C42168F54500D237A5 /* Main.storyboard in Resources */,
			);
			runOnlyForDeploymentPostprocessing = 0;
		};
/* End PBXResourcesBuildPhase section */

/* Begin PBXSourcesBuildPhase section */
		55E290B72168F54500D237A5 /* Sources */ = {
			isa = PBXSourcesBuildPhase;
			buildActionMask = 2147483647;
			files = (
				55E290E22168FA6400D237A5 /* Photo.swift in Sources */,
				55E290C12168F54500D237A5 /* HomeViewController.swift in Sources */,
				55E290DD2168F98600D237A5 /* ImageCell.swift in Sources */,
				55E290E921694FF600D237A5 /* DetailsViewController.swift in Sources */,
				55E290E42168FEA100D237A5 /* ImageCache.swift in Sources */,
				55E290F12169EFD500D237A5 /* RequestManager.swift in Sources */,
				55E290C72168F54500D237A5 /* Flickr.xcdatamodeld in Sources */,
				55E290E02168F9D000D237A5 /* CustomFlowLayout.swift in Sources */,
				55E290BF2168F54500D237A5 /* AppDelegate.swift in Sources */,
				55E290ED2169B71F00D237A5 /* Constants.swift in Sources */,
			);
			runOnlyForDeploymentPostprocessing = 0;
		};
/* End PBXSourcesBuildPhase section */

/* Begin PBXVariantGroup section */
		55E290C22168F54500D237A5 /* Main.storyboard */ = {
			isa = PBXVariantGroup;
			children = (
				55E290C32168F54500D237A5 /* Base */,
			);
			name = Main.storyboard;
			sourceTree = "<group>";
		};
		55E290CA2168F54700D237A5 /* LaunchScreen.storyboard */ = {
			isa = PBXVariantGroup;
			children = (
				55E290CB2168F54700D237A5 /* Base */,
			);
			name = LaunchScreen.storyboard;
			sourceTree = "<group>";
		};
/* End PBXVariantGroup section */

/* Begin XCBuildConfiguration section */
		55E290CE2168F54700D237A5 /* Debug */ = {
			isa = XCBuildConfiguration;
			buildSettings = {
				ALWAYS_SEARCH_USER_PATHS = NO;
				CLANG_ANALYZER_NONNULL = YES;
				CLANG_ANALYZER_NUMBER_OBJECT_CONVERSION = YES_AGGRESSIVE;
				CLANG_CXX_LANGUAGE_STANDARD = "gnu++14";
				CLANG_CXX_LIBRARY = "libc++";
				CLANG_ENABLE_MODULES = YES;
				CLANG_ENABLE_OBJC_ARC = YES;
				CLANG_ENABLE_OBJC_WEAK = YES;
				CLANG_WARN_BLOCK_CAPTURE_AUTORELEASING = YES;
				CLANG_WARN_BOOL_CONVERSION = YES;
				CLANG_WARN_COMMA = YES;
				CLANG_WARN_CONSTANT_CONVERSION = YES;
				CLANG_WARN_DEPRECATED_OBJC_IMPLEMENTATIONS = YES;
				CLANG_WARN_DIRECT_OBJC_ISA_USAGE = YES_ERROR;
				CLANG_WARN_DOCUMENTATION_COMMENTS = YES;
				CLANG_WARN_EMPTY_BODY = YES;
				CLANG_WARN_ENUM_CONVERSION = YES;
				CLANG_WARN_INFINITE_RECURSION = YES;
				CLANG_WARN_INT_CONVERSION = YES;
				CLANG_WARN_NON_LITERAL_NULL_CONVERSION = YES;
				CLANG_WARN_OBJC_IMPLICIT_RETAIN_SELF = YES;
				CLANG_WARN_OBJC_LITERAL_CONVERSION = YES;
				CLANG_WARN_OBJC_ROOT_CLASS = YES_ERROR;
				CLANG_WARN_RANGE_LOOP_ANALYSIS = YES;
				CLANG_WARN_STRICT_PROTOTYPES = YES;
				CLANG_WARN_SUSPICIOUS_MOVE = YES;
				CLANG_WARN_UNGUARDED_AVAILABILITY = YES_AGGRESSIVE;
				CLANG_WARN_UNREACHABLE_CODE = YES;
				CLANG_WARN__DUPLICATE_METHOD_MATCH = YES;
				CODE_SIGN_IDENTITY = "iPhone Developer";
				COPY_PHASE_STRIP = NO;
				DEBUG_INFORMATION_FORMAT = dwarf;
				ENABLE_STRICT_OBJC_MSGSEND = YES;
				ENABLE_TESTABILITY = YES;
				GCC_C_LANGUAGE_STANDARD = gnu11;
				GCC_DYNAMIC_NO_PIC = NO;
				GCC_NO_COMMON_BLOCKS = YES;
				GCC_OPTIMIZATION_LEVEL = 0;
				GCC_PREPROCESSOR_DEFINITIONS = (
					"DEBUG=1",
					"$(inherited)",
				);
				GCC_WARN_64_TO_32_BIT_CONVERSION = YES;
				GCC_WARN_ABOUT_RETURN_TYPE = YES_ERROR;
				GCC_WARN_UNDECLARED_SELECTOR = YES;
				GCC_WARN_UNINITIALIZED_AUTOS = YES_AGGRESSIVE;
				GCC_WARN_UNUSED_FUNCTION = YES;
				GCC_WARN_UNUSED_VARIABLE = YES;
				IPHONEOS_DEPLOYMENT_TARGET = 12.0;
				MTL_ENABLE_DEBUG_INFO = INCLUDE_SOURCE;
				MTL_FAST_MATH = YES;
				ONLY_ACTIVE_ARCH = YES;
				SDKROOT = iphoneos;
				SWIFT_ACTIVE_COMPILATION_CONDITIONS = DEBUG;
				SWIFT_OPTIMIZATION_LEVEL = "-Onone";
			};
			name = Debug;
		};
		55E290CF2168F54700D237A5 /* Release */ = {
			isa = XCBuildConfiguration;
			buildSettings = {
				ALWAYS_SEARCH_USER_PATHS = NO;
				CLANG_ANALYZER_NONNULL = YES;
				CLANG_ANALYZER_NUMBER_OBJECT_CONVERSION = YES_AGGRESSIVE;
				CLANG_CXX_LANGUAGE_STANDARD = "gnu++14";
				CLANG_CXX_LIBRARY = "libc++";
				CLANG_ENABLE_MODULES = YES;
				CLANG_ENABLE_OBJC_ARC = YES;
				CLANG_ENABLE_OBJC_WEAK = YES;
				CLANG_WARN_BLOCK_CAPTURE_AUTORELEASING = YES;
				CLANG_WARN_BOOL_CONVERSION = YES;
				CLANG_WARN_COMMA = YES;
				CLANG_WARN_CONSTANT_CONVERSION = YES;
				CLANG_WARN_DEPRECATED_OBJC_IMPLEMENTATIONS = YES;
				CLANG_WARN_DIRECT_OBJC_ISA_USAGE = YES_ERROR;
				CLANG_WARN_DOCUMENTATION_COMMENTS = YES;
				CLANG_WARN_EMPTY_BODY = YES;
				CLANG_WARN_ENUM_CONVERSION = YES;
				CLANG_WARN_INFINITE_RECURSION = YES;
				CLANG_WARN_INT_CONVERSION = YES;
				CLANG_WARN_NON_LITERAL_NULL_CONVERSION = YES;
				CLANG_WARN_OBJC_IMPLICIT_RETAIN_SELF = YES;
				CLANG_WARN_OBJC_LITERAL_CONVERSION = YES;
				CLANG_WARN_OBJC_ROOT_CLASS = YES_ERROR;
				CLANG_WARN_RANGE_LOOP_ANALYSIS = YES;
				CLANG_WARN_STRICT_PROTOTYPES = YES;
				CLANG_WARN_SUSPICIOUS_MOVE = YES;
				CLANG_WARN_UNGUARDED_AVAILABILITY = YES_AGGRESSIVE;
				CLANG_WARN_UNREACHABLE_CODE = YES;
				CLANG_WARN__DUPLICATE_METHOD_MATCH = YES;
				CODE_SIGN_IDENTITY = "iPhone Developer";
				COPY_PHASE_STRIP = NO;
				DEBUG_INFORMATION_FORMAT = "dwarf-with-dsym";
				ENABLE_NS_ASSERTIONS = NO;
				ENABLE_STRICT_OBJC_MSGSEND = YES;
				GCC_C_LANGUAGE_STANDARD = gnu11;
				GCC_NO_COMMON_BLOCKS = YES;
				GCC_WARN_64_TO_32_BIT_CONVERSION = YES;
				GCC_WARN_ABOUT_RETURN_TYPE = YES_ERROR;
				GCC_WARN_UNDECLARED_SELECTOR = YES;
				GCC_WARN_UNINITIALIZED_AUTOS = YES_AGGRESSIVE;
				GCC_WARN_UNUSED_FUNCTION = YES;
				GCC_WARN_UNUSED_VARIABLE = YES;
				IPHONEOS_DEPLOYMENT_TARGET = 12.0;
				MTL_ENABLE_DEBUG_INFO = NO;
				MTL_FAST_MATH = YES;
				SDKROOT = iphoneos;
				SWIFT_COMPILATION_MODE = wholemodule;
				SWIFT_OPTIMIZATION_LEVEL = "-O";
				VALIDATE_PRODUCT = YES;
			};
			name = Release;
		};
		55E290D12168F54700D237A5 /* Debug */ = {
			isa = XCBuildConfiguration;
			buildSettings = {
				ASSETCATALOG_COMPILER_APPICON_NAME = AppIcon;
				CODE_SIGN_STYLE = Automatic;
				DEVELOPMENT_TEAM = A55ZPN47HE;
				INFOPLIST_FILE = Flickr/Info.plist;
				LD_RUNPATH_SEARCH_PATHS = (
					"$(inherited)",
					"@executable_path/Frameworks",
				);
				PRODUCT_BUNDLE_IDENTIFIER = com.uber.Flickr;
				PRODUCT_NAME = "$(TARGET_NAME)";
				SWIFT_VERSION = 4.2;
				TARGETED_DEVICE_FAMILY = "1,2";
			};
			name = Debug;
		};
		55E290D22168F54700D237A5 /* Release */ = {
			isa = XCBuildConfiguration;
			buildSettings = {
				ASSETCATALOG_COMPILER_APPICON_NAME = AppIcon;
				CODE_SIGN_STYLE = Automatic;
				DEVELOPMENT_TEAM = A55ZPN47HE;
				INFOPLIST_FILE = Flickr/Info.plist;
				LD_RUNPATH_SEARCH_PATHS = (
					"$(inherited)",
					"@executable_path/Frameworks",
				);
				PRODUCT_BUNDLE_IDENTIFIER = com.uber.Flickr;
				PRODUCT_NAME = "$(TARGET_NAME)";
				SWIFT_VERSION = 4.2;
				TARGETED_DEVICE_FAMILY = "1,2";
			};
			name = Release;
		};
/* End XCBuildConfiguration section */

/* Begin XCConfigurationList section */
		55E290B62168F54500D237A5 /* Build configuration list for PBXProject "Flickr" */ = {
			isa = XCConfigurationList;
			buildConfigurations = (
				55E290CE2168F54700D237A5 /* Debug */,
				55E290CF2168F54700D237A5 /* Release */,
			);
			defaultConfigurationIsVisible = 0;
			defaultConfigurationName = Release;
		};
		55E290D02168F54700D237A5 /* Build configuration list for PBXNativeTarget "Flickr" */ = {
			isa = XCConfigurationList;
			buildConfigurations = (
				55E290D12168F54700D237A5 /* Debug */,
				55E290D22168F54700D237A5 /* Release */,
			);
			defaultConfigurationIsVisible = 0;
			defaultConfigurationName = Release;
		};
/* End XCConfigurationList section */

/* Begin XCVersionGroup section */
		55E290C52168F54500D237A5 /* Flickr.xcdatamodeld */ = {
			isa = XCVersionGroup;
			children = (
				55E290C62168F54500D237A5 /* Flickr.xcdatamodel */,
			);
			currentVersion = 55E290C62168F54500D237A5 /* Flickr.xcdatamodel */;
			path = Flickr.xcdatamodeld;
			sourceTree = "<group>";
			versionGroupType = wrapper.xcdatamodel;
		};
/* End XCVersionGroup section */
	};
	rootObject = 55E290B32168F54500D237A5 /* Project object */;
}
